// !$*UTF8*$!
{
	archiveVersion = 1;
	classes = {
	};
	objectVersion = 50;
	objects = {

/* Begin PBXBuildFile section */
		A856CC9F378664A8379FF67B /* Pods_SaveImage.framework in Frameworks */ = {isa = PBXBuildFile; fileRef = 9698D35A11C7C6C5BF99B26F /* Pods_SaveImage.framework */; };
		C586CBC3225DB04600B45902 /* AppDelegate.swift in Sources */ = {isa = PBXBuildFile; fileRef = C586CBC2225DB04600B45902 /* AppDelegate.swift */; };
		C586CBC5225DB04600B45902 /* ViewController.swift in Sources */ = {isa = PBXBuildFile; fileRef = C586CBC4225DB04600B45902 /* ViewController.swift */; };
		C586CBC8225DB04600B45902 /* Main.storyboard in Resources */ = {isa = PBXBuildFile; fileRef = C586CBC6225DB04600B45902 /* Main.storyboard */; };
		C586CBCA225DB04800B45902 /* Assets.xcassets in Resources */ = {isa = PBXBuildFile; fileRef = C586CBC9225DB04800B45902 /* Assets.xcassets */; };
		C586CBCD225DB04800B45902 /* LaunchScreen.storyboard in Resources */ = {isa = PBXBuildFile; fileRef = C586CBCB225DB04800B45902 /* LaunchScreen.storyboard */; };
		C586CBD9225DB77200B45902 /* User.swift in Sources */ = {isa = PBXBuildFile; fileRef = C586CBD8225DB77200B45902 /* User.swift */; };
/* End PBXBuildFile section */

/* Begin PBXFileReference section */
		3218C8A91C4087D81246F810 /* Pods-SaveImage.debug.xcconfig */ = {isa = PBXFileReference; includeInIndex = 1; lastKnownFileType = text.xcconfig; name = "Pods-SaveImage.debug.xcconfig"; path = "Target Support Files/Pods-SaveImage/Pods-SaveImage.debug.xcconfig"; sourceTree = "<group>"; };
		8A40528FB9D83FD30B28ADA8 /* Pods-SaveImage.release.xcconfig */ = {isa = PBXFileReference; includeInIndex = 1; lastKnownFileType = text.xcconfig; name = "Pods-SaveImage.release.xcconfig"; path = "Target Support Files/Pods-SaveImage/Pods-SaveImage.release.xcconfig"; sourceTree = "<group>"; };
		9698D35A11C7C6C5BF99B26F /* Pods_SaveImage.framework */ = {isa = PBXFileReference; explicitFileType = wrapper.framework; includeInIndex = 0; path = Pods_SaveImage.framework; sourceTree = BUILT_PRODUCTS_DIR; };
		C586CBBF225DB04600B45902 /* SaveImage.app */ = {isa = PBXFileReference; explicitFileType = wrapper.application; includeInIndex = 0; path = SaveImage.app; sourceTree = BUILT_PRODUCTS_DIR; };
		C586CBC2225DB04600B45902 /* AppDelegate.swift */ = {isa = PBXFileReference; lastKnownFileType = sourcecode.swift; path = AppDelegate.swift; sourceTree = "<group>"; };
		C586CBC4225DB04600B45902 /* ViewController.swift */ = {isa = PBXFileReference; lastKnownFileType = sourcecode.swift; path = ViewController.swift; sourceTree = "<group>"; };
		C586CBC7225DB04600B45902 /* Base */ = {isa = PBXFileReference; lastKnownFileType = file.storyboard; name = Base; path = Base.lproj/Main.storyboard; sourceTree = "<group>"; };
		C586CBC9225DB04800B45902 /* Assets.xcassets */ = {isa = PBXFileReference; lastKnownFileType = folder.assetcatalog; path = Assets.xcassets; sourceTree = "<group>"; };
		C586CBCC225DB04800B45902 /* Base */ = {isa = PBXFileReference; lastKnownFileType = file.storyboard; name = Base; path = Base.lproj/LaunchScreen.storyboard; sourceTree = "<group>"; };
		C586CBCE225DB04800B45902 /* Info.plist */ = {isa = PBXFileReference; lastKnownFileType = text.plist.xml; path = Info.plist; sourceTree = "<group>"; };
		C586CBD8225DB77200B45902 /* User.swift */ = {isa = PBXFileReference; lastKnownFileType = sourcecode.swift; path = User.swift; sourceTree = "<group>"; };
/* End PBXFileReference section */

/* Begin PBXFrameworksBuildPhase section */
		C586CBBC225DB04600B45902 /* Frameworks */ = {
			isa = PBXFrameworksBuildPhase;
			buildActionMask = 2147483647;
			files = (
				A856CC9F378664A8379FF67B /* Pods_SaveImage.framework in Frameworks */,
			);
			runOnlyForDeploymentPostprocessing = 0;
		};
/* End PBXFrameworksBuildPhase section */

/* Begin PBXGroup section */
		C586CBB6225DB04600B45902 = {
			isa = PBXGroup;
			children = (
				C586CBC1225DB04600B45902 /* SaveImage */,
				C586CBC0225DB04600B45902 /* Products */,
				CF43A3AA01FCB05C70271622 /* Pods */,
				DCD3DD5FB36ABC5AAC3B63AA /* Frameworks */,
			);
			sourceTree = "<group>";
		};
		C586CBC0225DB04600B45902 /* Products */ = {
			isa = PBXGroup;
			children = (
				C586CBBF225DB04600B45902 /* SaveImage.app */,
			);
			name = Products;
			sourceTree = "<group>";
		};
		C586CBC1225DB04600B45902 /* SaveImage */ = {
			isa = PBXGroup;
			children = (
				C586CBC2225DB04600B45902 /* AppDelegate.swift */,
				C586CBD8225DB77200B45902 /* User.swift */,
				C586CBC4225DB04600B45902 /* ViewController.swift */,
				C586CBC6225DB04600B45902 /* Main.storyboard */,
				C586CBC9225DB04800B45902 /* Assets.xcassets */,
				C586CBCB225DB04800B45902 /* LaunchScreen.storyboard */,
				C586CBCE225DB04800B45902 /* Info.plist */,
			);
			path = SaveImage;
			sourceTree = "<group>";
		};
		CF43A3AA01FCB05C70271622 /* Pods */ = {
			isa = PBXGroup;
			children = (
				3218C8A91C4087D81246F810 /* Pods-SaveImage.debug.xcconfig */,
				8A40528FB9D83FD30B28ADA8 /* Pods-SaveImage.release.xcconfig */,
			);
			path = Pods;
			sourceTree = "<group>";
		};
		DCD3DD5FB36ABC5AAC3B63AA /* Frameworks */ = {
			isa = PBXGroup;
			children = (
				9698D35A11C7C6C5BF99B26F /* Pods_SaveImage.framework */,
			);
			name = Frameworks;
			sourceTree = "<group>";
		};
/* End PBXGroup section */

/* Begin PBXNativeTarget section */
		C586CBBE225DB04600B45902 /* SaveImage */ = {
			isa = PBXNativeTarget;
			buildConfigurationList = C586CBD1225DB04800B45902 /* Build configuration list for PBXNativeTarget "SaveImage" */;
			buildPhases = (
				77E29E91FE050B96DDAF299F /* [CP] Check Pods Manifest.lock */,
				C586CBBB225DB04600B45902 /* Sources */,
				C586CBBC225DB04600B45902 /* Frameworks */,
				C586CBBD225DB04600B45902 /* Resources */,
				5925E25F37AAAB6ED9377C93 /* [CP] Embed Pods Frameworks */,
			);
			buildRules = (
			);
			dependencies = (
			);
			name = SaveImage;
			productName = SaveImage;
			productReference = C586CBBF225DB04600B45902 /* SaveImage.app */;
			productType = "com.apple.product-type.application";
		};
/* End PBXNativeTarget section */

/* Begin PBXProject section */
		C586CBB7225DB04600B45902 /* Project object */ = {
			isa = PBXProject;
			attributes = {
				LastSwiftUpdateCheck = 1010;
				LastUpgradeCheck = 1010;
				ORGANIZATIONNAME = "永見彰宏";
				TargetAttributes = {
					C586CBBE225DB04600B45902 = {
						CreatedOnToolsVersion = 10.1;
					};
				};
			};
			buildConfigurationList = C586CBBA225DB04600B45902 /* Build configuration list for PBXProject "SaveImage" */;
			compatibilityVersion = "Xcode 9.3";
			developmentRegion = en;
			hasScannedForEncodings = 0;
			knownRegions = (
				en,
				Base,
			);
			mainGroup = C586CBB6225DB04600B45902;
			productRefGroup = C586CBC0225DB04600B45902 /* Products */;
			projectDirPath = "";
			projectRoot = "";
			targets = (
				C586CBBE225DB04600B45902 /* SaveImage */,
			);
		};
/* End PBXProject section */

/* Begin PBXResourcesBuildPhase section */
		C586CBBD225DB04600B45902 /* Resources */ = {
			isa = PBXResourcesBuildPhase;
			buildActionMask = 2147483647;
			files = (
				C586CBCD225DB04800B45902 /* LaunchScreen.storyboard in Resources */,
				C586CBCA225DB04800B45902 /* Assets.xcassets in Resources */,
				C586CBC8225DB04600B45902 /* Main.storyboard in Resources */,
			);
			runOnlyForDeploymentPostprocessing = 0;
		};
/* End PBXResourcesBuildPhase section */

/* Begin PBXShellScriptBuildPhase section */
		5925E25F37AAAB6ED9377C93 /* [CP] Embed Pods Frameworks */ = {
			isa = PBXShellScriptBuildPhase;
			buildActionMask = 2147483647;
			files = (
			);
			inputFileListPaths = (
			);
			inputPaths = (
				"${PODS_ROOT}/Target Support Files/Pods-SaveImage/Pods-SaveImage-frameworks.sh",
				"${BUILT_PRODUCTS_DIR}/Realm/Realm.framework",
				"${BUILT_PRODUCTS_DIR}/RealmSwift/RealmSwift.framework",
			);
			name = "[CP] Embed Pods Frameworks";
			outputFileListPaths = (
			);
			outputPaths = (
				"${TARGET_BUILD_DIR}/${FRAMEWORKS_FOLDER_PATH}/Realm.framework",
				"${TARGET_BUILD_DIR}/${FRAMEWORKS_FOLDER_PATH}/RealmSwift.framework",
			);
			runOnlyForDeploymentPostprocessing = 0;
			shellPath = /bin/sh;
			shellScript = "\"${PODS_ROOT}/Target Support Files/Pods-SaveImage/Pods-SaveImage-frameworks.sh\"\n";
			showEnvVarsInLog = 0;
		};
		77E29E91FE050B96DDAF299F /* [CP] Check Pods Manifest.lock */ = {
			isa = PBXShellScriptBuildPhase;
			buildActionMask = 2147483647;
			files = (
			);
			inputFileListPaths = (
			);
			inputPaths = (
				"${PODS_PODFILE_DIR_PATH}/Podfile.lock",
				"${PODS_ROOT}/Manifest.lock",
			);
			name = "[CP] Check Pods Manifest.lock";
			outputFileListPaths = (
			);
			outputPaths = (
				"$(DERIVED_FILE_DIR)/Pods-SaveImage-checkManifestLockResult.txt",
			);
			runOnlyForDeploymentPostprocessing = 0;
			shellPath = /bin/sh;
			shellScript = "diff \"${PODS_PODFILE_DIR_PATH}/Podfile.lock\" \"${PODS_ROOT}/Manifest.lock\" > /dev/null\nif [ $? != 0 ] ; then\n    # print error to STDERR\n    echo \"error: The sandbox is not in sync with the Podfile.lock. Run 'pod install' or update your CocoaPods installation.\" >&2\n    exit 1\nfi\n# This output is used by Xcode 'outputs' to avoid re-running this script phase.\necho \"SUCCESS\" > \"${SCRIPT_OUTPUT_FILE_0}\"\n";
			showEnvVarsInLog = 0;
		};
/* End PBXShellScriptBuildPhase section */

/* Begin PBXSourcesBuildPhase section */
		C586CBBB225DB04600B45902 /* Sources */ = {
			isa = PBXSourcesBuildPhase;
			buildActionMask = 2147483647;
			files = (
				C586CBD9225DB77200B45902 /* User.swift in Sources */,
				C586CBC5225DB04600B45902 /* ViewController.swift in Sources */,
				C586CBC3225DB04600B45902 /* AppDelegate.swift in Sources */,
			);
			runOnlyForDeploymentPostprocessing = 0;
		};
/* End PBXSourcesBuildPhase section */

/* Begin PBXVariantGroup section */
		C586CBC6225DB04600B45902 /* Main.storyboard */ = {
			isa = PBXVariantGroup;
			children = (
				C586CBC7225DB04600B45902 /* Base */,
			);
			name = Main.storyboard;
			sourceTree = "<group>";
		};
		C586CBCB225DB04800B45902 /* LaunchScreen.storyboard */ = {
			isa = PBXVariantGroup;
			children = (
				C586CBCC225DB04800B45902 /* Base */,
			);
			name = LaunchScreen.storyboard;
			sourceTree = "<group>";
		};
/* End PBXVariantGroup section */

/* Begin XCBuildConfiguration section */
		C586CBCF225DB04800B45902 /* Debug */ = {
			isa = XCBuildConfiguration;
			buildSettings = {
				ALWAYS_SEARCH_USER_PATHS = NO;
				CLANG_ANALYZER_NONNULL = YES;
				CLANG_ANALYZER_NUMBER_OBJECT_CONVERSION = YES_AGGRESSIVE;
				CLANG_CXX_LANGUAGE_STANDARD = "gnu++14";
				CLANG_CXX_LIBRARY = "libc++";
				CLANG_ENABLE_MODULES = YES;
				CLANG_ENABLE_OBJC_ARC = YES;
				CLANG_ENABLE_OBJC_WEAK = YES;
				CLANG_WARN_BLOCK_CAPTURE_AUTORELEASING = YES;
				CLANG_WARN_BOOL_CONVERSION = YES;
				CLANG_WARN_COMMA = YES;
				CLANG_WARN_CONSTANT_CONVERSION = YES;
				CLANG_WARN_DEPRECATED_OBJC_IMPLEMENTATIONS = YES;
				CLANG_WARN_DIRECT_OBJC_ISA_USAGE = YES_ERROR;
				CLANG_WARN_DOCUMENTATION_COMMENTS = YES;
				CLANG_WARN_EMPTY_BODY = YES;
				CLANG_WARN_ENUM_CONVERSION = YES;
				CLANG_WARN_INFINITE_RECURSION = YES;
				CLANG_WARN_INT_CONVERSION = YES;
				CLANG_WARN_NON_LITERAL_NULL_CONVERSION = YES;
				CLANG_WARN_OBJC_IMPLICIT_RETAIN_SELF = YES;
				CLANG_WARN_OBJC_LITERAL_CONVERSION = YES;
				CLANG_WARN_OBJC_ROOT_CLASS = YES_ERROR;
				CLANG_WARN_RANGE_LOOP_ANALYSIS = YES;
				CLANG_WARN_STRICT_PROTOTYPES = YES;
				CLANG_WARN_SUSPICIOUS_MOVE = YES;
				CLANG_WARN_UNGUARDED_AVAILABILITY = YES_AGGRESSIVE;
				CLANG_WARN_UNREACHABLE_CODE = YES;
				CLANG_WARN__DUPLICATE_METHOD_MATCH = YES;
				CODE_SIGN_IDENTITY = "iPhone Developer";
				COPY_PHASE_STRIP = NO;
				DEBUG_INFORMATION_FORMAT = dwarf;
				ENABLE_STRICT_OBJC_MSGSEND = YES;
				ENABLE_TESTABILITY = YES;
				GCC_C_LANGUAGE_STANDARD = gnu11;
				GCC_DYNAMIC_NO_PIC = NO;
				GCC_NO_COMMON_BLOCKS = YES;
				GCC_OPTIMIZATION_LEVEL = 0;
				GCC_PREPROCESSOR_DEFINITIONS = (
					"DEBUG=1",
					"$(inherited)",
				);
				GCC_WARN_64_TO_32_BIT_CONVERSION = YES;
				GCC_WARN_ABOUT_RETURN_TYPE = YES_ERROR;
				GCC_WARN_UNDECLARED_SELECTOR = YES;
				GCC_WARN_UNINITIALIZED_AUTOS = YES_AGGRESSIVE;
				GCC_WARN_UNUSED_FUNCTION = YES;
				GCC_WARN_UNUSED_VARIABLE = YES;
				IPHONEOS_DEPLOYMENT_TARGET = 12.1;
				MTL_ENABLE_DEBUG_INFO = INCLUDE_SOURCE;
				MTL_FAST_MATH = YES;
				ONLY_ACTIVE_ARCH = YES;
				SDKROOT = iphoneos;
				SWIFT_ACTIVE_COMPILATION_CONDITIONS = DEBUG;
				SWIFT_OPTIMIZATION_LEVEL = "-Onone";
			};
			name = Debug;
		};
		C586CBD0225DB04800B45902 /* Release */ = {
			isa = XCBuildConfiguration;
			buildSettings = {
				ALWAYS_SEARCH_USER_PATHS = NO;
				CLANG_ANALYZER_NONNULL = YES;
				CLANG_ANALYZER_NUMBER_OBJECT_CONVERSION = YES_AGGRESSIVE;
				CLANG_CXX_LANGUAGE_STANDARD = "gnu++14";
				CLANG_CXX_LIBRARY = "libc++";
				CLANG_ENABLE_MODULES = YES;
				CLANG_ENABLE_OBJC_ARC = YES;
				CLANG_ENABLE_OBJC_WEAK = YES;
				CLANG_WARN_BLOCK_CAPTURE_AUTORELEASING = YES;
				CLANG_WARN_BOOL_CONVERSION = YES;
				CLANG_WARN_COMMA = YES;
				CLANG_WARN_CONSTANT_CONVERSION = YES;
				CLANG_WARN_DEPRECATED_OBJC_IMPLEMENTATIONS = YES;
				CLANG_WARN_DIRECT_OBJC_ISA_USAGE = YES_ERROR;
				CLANG_WARN_DOCUMENTATION_COMMENTS = YES;
				CLANG_WARN_EMPTY_BODY = YES;
				CLANG_WARN_ENUM_CONVERSION = YES;
				CLANG_WARN_INFINITE_RECURSION = YES;
				CLANG_WARN_INT_CONVERSION = YES;
				CLANG_WARN_NON_LITERAL_NULL_CONVERSION = YES;
				CLANG_WARN_OBJC_IMPLICIT_RETAIN_SELF = YES;
				CLANG_WARN_OBJC_LITERAL_CONVERSION = YES;
				CLANG_WARN_OBJC_ROOT_CLASS = YES_ERROR;
				CLANG_WARN_RANGE_LOOP_ANALYSIS = YES;
				CLANG_WARN_STRICT_PROTOTYPES = YES;
				CLANG_WARN_SUSPICIOUS_MOVE = YES;
				CLANG_WARN_UNGUARDED_AVAILABILITY = YES_AGGRESSIVE;
				CLANG_WARN_UNREACHABLE_CODE = YES;
				CLANG_WARN__DUPLICATE_METHOD_MATCH = YES;
				CODE_SIGN_IDENTITY = "iPhone Developer";
				COPY_PHASE_STRIP = NO;
				DEBUG_INFORMATION_FORMAT = "dwarf-with-dsym";
				ENABLE_NS_ASSERTIONS = NO;
				ENABLE_STRICT_OBJC_MSGSEND = YES;
				GCC_C_LANGUAGE_STANDARD = gnu11;
				GCC_NO_COMMON_BLOCKS = YES;
				GCC_WARN_64_TO_32_BIT_CONVERSION = YES;
				GCC_WARN_ABOUT_RETURN_TYPE = YES_ERROR;
				GCC_WARN_UNDECLARED_SELECTOR = YES;
				GCC_WARN_UNINITIALIZED_AUTOS = YES_AGGRESSIVE;
				GCC_WARN_UNUSED_FUNCTION = YES;
				GCC_WARN_UNUSED_VARIABLE = YES;
				IPHONEOS_DEPLOYMENT_TARGET = 12.1;
				MTL_ENABLE_DEBUG_INFO = NO;
				MTL_FAST_MATH = YES;
				SDKROOT = iphoneos;
				SWIFT_COMPILATION_MODE = wholemodule;
				SWIFT_OPTIMIZATION_LEVEL = "-O";
				VALIDATE_PRODUCT = YES;
			};
			name = Release;
		};
		C586CBD2225DB04800B45902 /* Debug */ = {
			isa = XCBuildConfiguration;
			baseConfigurationReference = 3218C8A91C4087D81246F810 /* Pods-SaveImage.debug.xcconfig */;
			buildSettings = {
				ASSETCATALOG_COMPILER_APPICON_NAME = AppIcon;
				CODE_SIGN_STYLE = Automatic;
				INFOPLIST_FILE = SaveImage/Info.plist;
				LD_RUNPATH_SEARCH_PATHS = (
					"$(inherited)",
					"@executable_path/Frameworks",
				);
				PRODUCT_BUNDLE_IDENTIFIER = aki.SaveImage;
				PRODUCT_NAME = "$(TARGET_NAME)";
				SWIFT_VERSION = 4.2;
				TARGETED_DEVICE_FAMILY = "1,2";
			};
			name = Debug;
		};
		C586CBD3225DB04800B45902 /* Release */ = {
			isa = XCBuildConfiguration;
			baseConfigurationReference = 8A40528FB9D83FD30B28ADA8 /* Pods-SaveImage.release.xcconfig */;
			buildSettings = {
				ASSETCATALOG_COMPILER_APPICON_NAME = AppIcon;
				CODE_SIGN_STYLE = Automatic;
				INFOPLIST_FILE = SaveImage/Info.plist;
				LD_RUNPATH_SEARCH_PATHS = (
					"$(inherited)",
					"@executable_path/Frameworks",
				);
				PRODUCT_BUNDLE_IDENTIFIER = aki.SaveImage;
				PRODUCT_NAME = "$(TARGET_NAME)";
				SWIFT_VERSION = 4.2;
				TARGETED_DEVICE_FAMILY = "1,2";
			};
			name = Release;
		};
/* End XCBuildConfiguration section */

/* Begin XCConfigurationList section */
		C586CBBA225DB04600B45902 /* Build configuration list for PBXProject "SaveImage" */ = {
			isa = XCConfigurationList;
			buildConfigurations = (
				C586CBCF225DB04800B45902 /* Debug */,
				C586CBD0225DB04800B45902 /* Release */,
			);
			defaultConfigurationIsVisible = 0;
			defaultConfigurationName = Release;
		};
		C586CBD1225DB04800B45902 /* Build configuration list for PBXNativeTarget "SaveImage" */ = {
			isa = XCConfigurationList;
			buildConfigurations = (
				C586CBD2225DB04800B45902 /* Debug */,
				C586CBD3225DB04800B45902 /* Release */,
			);
			defaultConfigurationIsVisible = 0;
			defaultConfigurationName = Release;
		};
/* End XCConfigurationList section */
	};
	rootObject = C586CBB7225DB04600B45902 /* Project object */;
}
